// !$*UTF8*$!
{
	archiveVersion = 1;
	classes = {
	};
	objectVersion = 51;
	objects = {

/* Begin PBXBuildFile section */
		9B9A603F281A9CAD8953C4E5 /* Pods_CursoIOSAdvaced.framework in Frameworks */ = {isa = PBXBuildFile; fileRef = FF62BF73FB07ADB793BF5215 /* Pods_CursoIOSAdvaced.framework */; };
		D990FC6A23464B2D00134B44 /* Splash.storyboard in Resources */ = {isa = PBXBuildFile; fileRef = D990FC6923464B2D00134B44 /* Splash.storyboard */; };
		D990FC6C2346512800134B44 /* UsersViewController.swift in Sources */ = {isa = PBXBuildFile; fileRef = D990FC6B2346512800134B44 /* UsersViewController.swift */; };
		D990FC70234662B300134B44 /* PersonTableViewCell.swift in Sources */ = {isa = PBXBuildFile; fileRef = D990FC6E234662B300134B44 /* PersonTableViewCell.swift */; };
		D990FC71234662B300134B44 /* PersonTableViewCell.xib in Resources */ = {isa = PBXBuildFile; fileRef = D990FC6F234662B300134B44 /* PersonTableViewCell.xib */; };
		D990FC76234665DB00134B44 /* UIView+Utils.swift in Sources */ = {isa = PBXBuildFile; fileRef = D990FC75234665DB00134B44 /* UIView+Utils.swift */; };
		D990FC792346684F00134B44 /* PersonCollectionViewCell.swift in Sources */ = {isa = PBXBuildFile; fileRef = D990FC772346684F00134B44 /* PersonCollectionViewCell.swift */; };
		D990FC7A2346684F00134B44 /* PersonCollectionViewCell.xib in Resources */ = {isa = PBXBuildFile; fileRef = D990FC782346684F00134B44 /* PersonCollectionViewCell.xib */; };
		D9EFBD9F234523F5004625B2 /* AppDelegate.swift in Sources */ = {isa = PBXBuildFile; fileRef = D9EFBD9E234523F5004625B2 /* AppDelegate.swift */; };
		D9EFBDA1234523F5004625B2 /* SceneDelegate.swift in Sources */ = {isa = PBXBuildFile; fileRef = D9EFBDA0234523F5004625B2 /* SceneDelegate.swift */; };
		D9EFBDA3234523F5004625B2 /* SplashViewController.swift in Sources */ = {isa = PBXBuildFile; fileRef = D9EFBDA2234523F5004625B2 /* SplashViewController.swift */; };
		D9EFBDA6234523F5004625B2 /* Main.storyboard in Resources */ = {isa = PBXBuildFile; fileRef = D9EFBDA4234523F5004625B2 /* Main.storyboard */; };
		D9EFBDA823452405004625B2 /* Assets.xcassets in Resources */ = {isa = PBXBuildFile; fileRef = D9EFBDA723452405004625B2 /* Assets.xcassets */; };
		D9EFBDAB23452405004625B2 /* LaunchScreen.storyboard in Resources */ = {isa = PBXBuildFile; fileRef = D9EFBDA923452405004625B2 /* LaunchScreen.storyboard */; };
/* End PBXBuildFile section */

/* Begin PBXFileReference section */
		D7A03EE67B477C6A3153C44D /* Pods-CursoIOSAdvaced.release.xcconfig */ = {isa = PBXFileReference; includeInIndex = 1; lastKnownFileType = text.xcconfig; name = "Pods-CursoIOSAdvaced.release.xcconfig"; path = "Target Support Files/Pods-CursoIOSAdvaced/Pods-CursoIOSAdvaced.release.xcconfig"; sourceTree = "<group>"; };
		D990FC6923464B2D00134B44 /* Splash.storyboard */ = {isa = PBXFileReference; lastKnownFileType = file.storyboard; path = Splash.storyboard; sourceTree = "<group>"; };
		D990FC6B2346512800134B44 /* UsersViewController.swift */ = {isa = PBXFileReference; lastKnownFileType = sourcecode.swift; path = UsersViewController.swift; sourceTree = "<group>"; };
		D990FC6E234662B300134B44 /* PersonTableViewCell.swift */ = {isa = PBXFileReference; lastKnownFileType = sourcecode.swift; path = PersonTableViewCell.swift; sourceTree = "<group>"; };
		D990FC6F234662B300134B44 /* PersonTableViewCell.xib */ = {isa = PBXFileReference; lastKnownFileType = file.xib; path = PersonTableViewCell.xib; sourceTree = "<group>"; };
		D990FC75234665DB00134B44 /* UIView+Utils.swift */ = {isa = PBXFileReference; lastKnownFileType = sourcecode.swift; path = "UIView+Utils.swift"; sourceTree = "<group>"; };
		D990FC772346684F00134B44 /* PersonCollectionViewCell.swift */ = {isa = PBXFileReference; lastKnownFileType = sourcecode.swift; path = PersonCollectionViewCell.swift; sourceTree = "<group>"; };
		D990FC782346684F00134B44 /* PersonCollectionViewCell.xib */ = {isa = PBXFileReference; lastKnownFileType = file.xib; path = PersonCollectionViewCell.xib; sourceTree = "<group>"; };
		D9EFBD9B234523F5004625B2 /* CursoIOSAdvaced.app */ = {isa = PBXFileReference; explicitFileType = wrapper.application; includeInIndex = 0; path = CursoIOSAdvaced.app; sourceTree = BUILT_PRODUCTS_DIR; };
		D9EFBD9E234523F5004625B2 /* AppDelegate.swift */ = {isa = PBXFileReference; lastKnownFileType = sourcecode.swift; path = AppDelegate.swift; sourceTree = "<group>"; };
		D9EFBDA0234523F5004625B2 /* SceneDelegate.swift */ = {isa = PBXFileReference; lastKnownFileType = sourcecode.swift; path = SceneDelegate.swift; sourceTree = "<group>"; };
		D9EFBDA2234523F5004625B2 /* SplashViewController.swift */ = {isa = PBXFileReference; lastKnownFileType = sourcecode.swift; path = SplashViewController.swift; sourceTree = "<group>"; };
		D9EFBDA5234523F5004625B2 /* Base */ = {isa = PBXFileReference; lastKnownFileType = file.storyboard; name = Base; path = Base.lproj/Main.storyboard; sourceTree = "<group>"; };
		D9EFBDA723452405004625B2 /* Assets.xcassets */ = {isa = PBXFileReference; lastKnownFileType = folder.assetcatalog; path = Assets.xcassets; sourceTree = "<group>"; };
		D9EFBDAA23452405004625B2 /* Base */ = {isa = PBXFileReference; lastKnownFileType = file.storyboard; name = Base; path = Base.lproj/LaunchScreen.storyboard; sourceTree = "<group>"; };
		D9EFBDAC23452405004625B2 /* Info.plist */ = {isa = PBXFileReference; lastKnownFileType = text.plist.xml; path = Info.plist; sourceTree = "<group>"; };
		E2F24E7E30FEB16DD7A8DB75 /* Pods-CursoIOSAdvaced.debug.xcconfig */ = {isa = PBXFileReference; includeInIndex = 1; lastKnownFileType = text.xcconfig; name = "Pods-CursoIOSAdvaced.debug.xcconfig"; path = "Target Support Files/Pods-CursoIOSAdvaced/Pods-CursoIOSAdvaced.debug.xcconfig"; sourceTree = "<group>"; };
		FF62BF73FB07ADB793BF5215 /* Pods_CursoIOSAdvaced.framework */ = {isa = PBXFileReference; explicitFileType = wrapper.framework; includeInIndex = 0; path = Pods_CursoIOSAdvaced.framework; sourceTree = BUILT_PRODUCTS_DIR; };
/* End PBXFileReference section */

/* Begin PBXFrameworksBuildPhase section */
		D9EFBD98234523F5004625B2 /* Frameworks */ = {
			isa = PBXFrameworksBuildPhase;
			buildActionMask = 2147483647;
			files = (
				9B9A603F281A9CAD8953C4E5 /* Pods_CursoIOSAdvaced.framework in Frameworks */,
			);
			runOnlyForDeploymentPostprocessing = 0;
		};
/* End PBXFrameworksBuildPhase section */

/* Begin PBXGroup section */
		1A2C8F1658B2F42D34D6BD95 /* Frameworks */ = {
			isa = PBXGroup;
			children = (
				FF62BF73FB07ADB793BF5215 /* Pods_CursoIOSAdvaced.framework */,
			);
			name = Frameworks;
			sourceTree = "<group>";
		};
		C5361943583BEAF3AB0045D0 /* Pods */ = {
			isa = PBXGroup;
			children = (
				E2F24E7E30FEB16DD7A8DB75 /* Pods-CursoIOSAdvaced.debug.xcconfig */,
				D7A03EE67B477C6A3153C44D /* Pods-CursoIOSAdvaced.release.xcconfig */,
			);
			path = Pods;
			sourceTree = "<group>";
		};
		D9869F88234644610030CCBC /* App */ = {
			isa = PBXGroup;
			children = (
				D990FC73234665A100134B44 /* Extension */,
				D9EFBDA0234523F5004625B2 /* SceneDelegate.swift */,
				D9EFBD9E234523F5004625B2 /* AppDelegate.swift */,
			);
			path = App;
			sourceTree = "<group>";
		};
		D9869F89234644840030CCBC /* Resources */ = {
			isa = PBXGroup;
			children = (
				D9EFBDA723452405004625B2 /* Assets.xcassets */,
			);
			path = Resources;
			sourceTree = "<group>";
		};
		D9869F8A2346448D0030CCBC /* Data */ = {
			isa = PBXGroup;
			children = (
			);
			path = Data;
			sourceTree = "<group>";
		};
		D9869F8B234644950030CCBC /* UI */ = {
			isa = PBXGroup;
			children = (
				D990FC72234662DA00134B44 /* Cells */,
				D9869F8D234644BF0030CCBC /* Controllers */,
				D9869F8C2346449F0030CCBC /* Views */,
			);
			path = UI;
			sourceTree = "<group>";
		};
		D9869F8C2346449F0030CCBC /* Views */ = {
			isa = PBXGroup;
			children = (
				D9EFBDA923452405004625B2 /* LaunchScreen.storyboard */,
				D9EFBDA4234523F5004625B2 /* Main.storyboard */,
				D990FC6923464B2D00134B44 /* Splash.storyboard */,
			);
			path = Views;
			sourceTree = "<group>";
		};
		D9869F8D234644BF0030CCBC /* Controllers */ = {
			isa = PBXGroup;
			children = (
				D9EFBDA2234523F5004625B2 /* SplashViewController.swift */,
				D990FC6B2346512800134B44 /* UsersViewController.swift */,
			);
			path = Controllers;
			sourceTree = "<group>";
		};
		D990FC72234662DA00134B44 /* Cells */ = {
			isa = PBXGroup;
			children = (
				D990FC6F234662B300134B44 /* PersonTableViewCell.xib */,
				D990FC6E234662B300134B44 /* PersonTableViewCell.swift */,
				D990FC772346684F00134B44 /* PersonCollectionViewCell.swift */,
				D990FC782346684F00134B44 /* PersonCollectionViewCell.xib */,
			);
			path = Cells;
			sourceTree = "<group>";
		};
		D990FC73234665A100134B44 /* Extension */ = {
			isa = PBXGroup;
			children = (
				D990FC75234665DB00134B44 /* UIView+Utils.swift */,
			);
			path = Extension;
			sourceTree = "<group>";
		};
		D9EFBD92234523F5004625B2 = {
			isa = PBXGroup;
			children = (
				D9EFBD9D234523F5004625B2 /* CursoIOSAdvaced */,
				D9EFBD9C234523F5004625B2 /* Products */,
				C5361943583BEAF3AB0045D0 /* Pods */,
				1A2C8F1658B2F42D34D6BD95 /* Frameworks */,
			);
			sourceTree = "<group>";
		};
		D9EFBD9C234523F5004625B2 /* Products */ = {
			isa = PBXGroup;
			children = (
				D9EFBD9B234523F5004625B2 /* CursoIOSAdvaced.app */,
			);
			name = Products;
			sourceTree = "<group>";
		};
		D9EFBD9D234523F5004625B2 /* CursoIOSAdvaced */ = {
			isa = PBXGroup;
			children = (
				D9869F8B234644950030CCBC /* UI */,
				D9869F8A2346448D0030CCBC /* Data */,
				D9869F89234644840030CCBC /* Resources */,
				D9869F88234644610030CCBC /* App */,
				D9EFBDAC23452405004625B2 /* Info.plist */,
			);
			path = CursoIOSAdvaced;
			sourceTree = "<group>";
		};
/* End PBXGroup section */

/* Begin PBXNativeTarget section */
		D9EFBD9A234523F5004625B2 /* CursoIOSAdvaced */ = {
			isa = PBXNativeTarget;
			buildConfigurationList = D9EFBDAF23452405004625B2 /* Build configuration list for PBXNativeTarget "CursoIOSAdvaced" */;
			buildPhases = (
				B05C501CF4CEB60659E3351D /* [CP] Check Pods Manifest.lock */,
				D9EFBD97234523F5004625B2 /* Sources */,
				D9EFBD98234523F5004625B2 /* Frameworks */,
				D9EFBD99234523F5004625B2 /* Resources */,
				501C30FD0134FFB59239C427 /* [CP] Embed Pods Frameworks */,
			);
			buildRules = (
			);
			dependencies = (
			);
			name = CursoIOSAdvaced;
			productName = CursoIOSAdvaced;
			productReference = D9EFBD9B234523F5004625B2 /* CursoIOSAdvaced.app */;
			productType = "com.apple.product-type.application";
		};
/* End PBXNativeTarget section */

/* Begin PBXProject section */
		D9EFBD93234523F5004625B2 /* Project object */ = {
			isa = PBXProject;
			attributes = {
				LastSwiftUpdateCheck = 1100;
				LastUpgradeCheck = 1100;
				ORGANIZATIONNAME = on;
				TargetAttributes = {
					D9EFBD9A234523F5004625B2 = {
						CreatedOnToolsVersion = 11.0;
					};
				};
			};
			buildConfigurationList = D9EFBD96234523F5004625B2 /* Build configuration list for PBXProject "CursoIOSAdvaced" */;
			compatibilityVersion = "Xcode 9.3";
			developmentRegion = en;
			hasScannedForEncodings = 0;
			knownRegions = (
				en,
				Base,
			);
			mainGroup = D9EFBD92234523F5004625B2;
			productRefGroup = D9EFBD9C234523F5004625B2 /* Products */;
			projectDirPath = "";
			projectRoot = "";
			targets = (
				D9EFBD9A234523F5004625B2 /* CursoIOSAdvaced */,
			);
		};
/* End PBXProject section */

/* Begin PBXResourcesBuildPhase section */
		D9EFBD99234523F5004625B2 /* Resources */ = {
			isa = PBXResourcesBuildPhase;
			buildActionMask = 2147483647;
			files = (
				D9EFBDAB23452405004625B2 /* LaunchScreen.storyboard in Resources */,
				D990FC7A2346684F00134B44 /* PersonCollectionViewCell.xib in Resources */,
				D9EFBDA823452405004625B2 /* Assets.xcassets in Resources */,
				D9EFBDA6234523F5004625B2 /* Main.storyboard in Resources */,
				D990FC6A23464B2D00134B44 /* Splash.storyboard in Resources */,
				D990FC71234662B300134B44 /* PersonTableViewCell.xib in Resources */,
			);
			runOnlyForDeploymentPostprocessing = 0;
		};
/* End PBXResourcesBuildPhase section */

/* Begin PBXShellScriptBuildPhase section */
		501C30FD0134FFB59239C427 /* [CP] Embed Pods Frameworks */ = {
			isa = PBXShellScriptBuildPhase;
			buildActionMask = 2147483647;
			files = (
			);
			inputFileListPaths = (
				"${PODS_ROOT}/Target Support Files/Pods-CursoIOSAdvaced/Pods-CursoIOSAdvaced-frameworks-${CONFIGURATION}-input-files.xcfilelist",
			);
			name = "[CP] Embed Pods Frameworks";
			outputFileListPaths = (
				"${PODS_ROOT}/Target Support Files/Pods-CursoIOSAdvaced/Pods-CursoIOSAdvaced-frameworks-${CONFIGURATION}-output-files.xcfilelist",
			);
			runOnlyForDeploymentPostprocessing = 0;
			shellPath = /bin/sh;
			shellScript = "\"${PODS_ROOT}/Target Support Files/Pods-CursoIOSAdvaced/Pods-CursoIOSAdvaced-frameworks.sh\"\n";
			showEnvVarsInLog = 0;
		};
		B05C501CF4CEB60659E3351D /* [CP] Check Pods Manifest.lock */ = {
			isa = PBXShellScriptBuildPhase;
			buildActionMask = 2147483647;
			files = (
			);
			inputFileListPaths = (
			);
			inputPaths = (
				"${PODS_PODFILE_DIR_PATH}/Podfile.lock",
				"${PODS_ROOT}/Manifest.lock",
			);
			name = "[CP] Check Pods Manifest.lock";
			outputFileListPaths = (
			);
			outputPaths = (
				"$(DERIVED_FILE_DIR)/Pods-CursoIOSAdvaced-checkManifestLockResult.txt",
			);
			runOnlyForDeploymentPostprocessing = 0;
			shellPath = /bin/sh;
			shellScript = "diff \"${PODS_PODFILE_DIR_PATH}/Podfile.lock\" \"${PODS_ROOT}/Manifest.lock\" > /dev/null\nif [ $? != 0 ] ; then\n    # print error to STDERR\n    echo \"error: The sandbox is not in sync with the Podfile.lock. Run 'pod install' or update your CocoaPods installation.\" >&2\n    exit 1\nfi\n# This output is used by Xcode 'outputs' to avoid re-running this script phase.\necho \"SUCCESS\" > \"${SCRIPT_OUTPUT_FILE_0}\"\n";
			showEnvVarsInLog = 0;
		};
/* End PBXShellScriptBuildPhase section */

/* Begin PBXSourcesBuildPhase section */
		D9EFBD97234523F5004625B2 /* Sources */ = {
			isa = PBXSourcesBuildPhase;
			buildActionMask = 2147483647;
			files = (
				D9EFBDA3234523F5004625B2 /* SplashViewController.swift in Sources */,
				D990FC70234662B300134B44 /* PersonTableViewCell.swift in Sources */,
				D990FC6C2346512800134B44 /* UsersViewController.swift in Sources */,
				D9EFBD9F234523F5004625B2 /* AppDelegate.swift in Sources */,
				D990FC76234665DB00134B44 /* UIView+Utils.swift in Sources */,
				D990FC792346684F00134B44 /* PersonCollectionViewCell.swift in Sources */,
				D9EFBDA1234523F5004625B2 /* SceneDelegate.swift in Sources */,
			);
			runOnlyForDeploymentPostprocessing = 0;
		};
/* End PBXSourcesBuildPhase section */

/* Begin PBXVariantGroup section */
		D9EFBDA4234523F5004625B2 /* Main.storyboard */ = {
			isa = PBXVariantGroup;
			children = (
				D9EFBDA5234523F5004625B2 /* Base */,
			);
			name = Main.storyboard;
			sourceTree = "<group>";
		};
		D9EFBDA923452405004625B2 /* LaunchScreen.storyboard */ = {
			isa = PBXVariantGroup;
			children = (
				D9EFBDAA23452405004625B2 /* Base */,
			);
			name = LaunchScreen.storyboard;
			sourceTree = "<group>";
		};
/* End PBXVariantGroup section */

/* Begin XCBuildConfiguration section */
		D9EFBDAD23452405004625B2 /* Debug */ = {
			isa = XCBuildConfiguration;
			buildSettings = {
				ALWAYS_SEARCH_USER_PATHS = NO;
				CLANG_ANALYZER_NONNULL = YES;
				CLANG_ANALYZER_NUMBER_OBJECT_CONVERSION = YES_AGGRESSIVE;
				CLANG_CXX_LANGUAGE_STANDARD = "gnu++14";
				CLANG_CXX_LIBRARY = "libc++";
				CLANG_ENABLE_MODULES = YES;
				CLANG_ENABLE_OBJC_ARC = YES;
				CLANG_ENABLE_OBJC_WEAK = YES;
				CLANG_WARN_BLOCK_CAPTURE_AUTORELEASING = YES;
				CLANG_WARN_BOOL_CONVERSION = YES;
				CLANG_WARN_COMMA = YES;
				CLANG_WARN_CONSTANT_CONVERSION = YES;
				CLANG_WARN_DEPRECATED_OBJC_IMPLEMENTATIONS = YES;
				CLANG_WARN_DIRECT_OBJC_ISA_USAGE = YES_ERROR;
				CLANG_WARN_DOCUMENTATION_COMMENTS = YES;
				CLANG_WARN_EMPTY_BODY = YES;
				CLANG_WARN_ENUM_CONVERSION = YES;
				CLANG_WARN_INFINITE_RECURSION = YES;
				CLANG_WARN_INT_CONVERSION = YES;
				CLANG_WARN_NON_LITERAL_NULL_CONVERSION = YES;
				CLANG_WARN_OBJC_IMPLICIT_RETAIN_SELF = YES;
				CLANG_WARN_OBJC_LITERAL_CONVERSION = YES;
				CLANG_WARN_OBJC_ROOT_CLASS = YES_ERROR;
				CLANG_WARN_RANGE_LOOP_ANALYSIS = YES;
				CLANG_WARN_STRICT_PROTOTYPES = YES;
				CLANG_WARN_SUSPICIOUS_MOVE = YES;
				CLANG_WARN_UNGUARDED_AVAILABILITY = YES_AGGRESSIVE;
				CLANG_WARN_UNREACHABLE_CODE = YES;
				CLANG_WARN__DUPLICATE_METHOD_MATCH = YES;
				COPY_PHASE_STRIP = NO;
				DEBUG_INFORMATION_FORMAT = dwarf;
				ENABLE_STRICT_OBJC_MSGSEND = YES;
				ENABLE_TESTABILITY = YES;
				GCC_C_LANGUAGE_STANDARD = gnu11;
				GCC_DYNAMIC_NO_PIC = NO;
				GCC_NO_COMMON_BLOCKS = YES;
				GCC_OPTIMIZATION_LEVEL = 0;
				GCC_PREPROCESSOR_DEFINITIONS = (
					"DEBUG=1",
					"$(inherited)",
				);
				GCC_WARN_64_TO_32_BIT_CONVERSION = YES;
				GCC_WARN_ABOUT_RETURN_TYPE = YES_ERROR;
				GCC_WARN_UNDECLARED_SELECTOR = YES;
				GCC_WARN_UNINITIALIZED_AUTOS = YES_AGGRESSIVE;
				GCC_WARN_UNUSED_FUNCTION = YES;
				GCC_WARN_UNUSED_VARIABLE = YES;
				IPHONEOS_DEPLOYMENT_TARGET = 13.0;
				MTL_ENABLE_DEBUG_INFO = INCLUDE_SOURCE;
				MTL_FAST_MATH = YES;
				ONLY_ACTIVE_ARCH = YES;
				SDKROOT = iphoneos;
				SWIFT_ACTIVE_COMPILATION_CONDITIONS = DEBUG;
				SWIFT_OPTIMIZATION_LEVEL = "-Onone";
			};
			name = Debug;
		};
		D9EFBDAE23452405004625B2 /* Release */ = {
			isa = XCBuildConfiguration;
			buildSettings = {
				ALWAYS_SEARCH_USER_PATHS = NO;
				CLANG_ANALYZER_NONNULL = YES;
				CLANG_ANALYZER_NUMBER_OBJECT_CONVERSION = YES_AGGRESSIVE;
				CLANG_CXX_LANGUAGE_STANDARD = "gnu++14";
				CLANG_CXX_LIBRARY = "libc++";
				CLANG_ENABLE_MODULES = YES;
				CLANG_ENABLE_OBJC_ARC = YES;
				CLANG_ENABLE_OBJC_WEAK = YES;
				CLANG_WARN_BLOCK_CAPTURE_AUTORELEASING = YES;
				CLANG_WARN_BOOL_CONVERSION = YES;
				CLANG_WARN_COMMA = YES;
				CLANG_WARN_CONSTANT_CONVERSION = YES;
				CLANG_WARN_DEPRECATED_OBJC_IMPLEMENTATIONS = YES;
				CLANG_WARN_DIRECT_OBJC_ISA_USAGE = YES_ERROR;
				CLANG_WARN_DOCUMENTATION_COMMENTS = YES;
				CLANG_WARN_EMPTY_BODY = YES;
				CLANG_WARN_ENUM_CONVERSION = YES;
				CLANG_WARN_INFINITE_RECURSION = YES;
				CLANG_WARN_INT_CONVERSION = YES;
				CLANG_WARN_NON_LITERAL_NULL_CONVERSION = YES;
				CLANG_WARN_OBJC_IMPLICIT_RETAIN_SELF = YES;
				CLANG_WARN_OBJC_LITERAL_CONVERSION = YES;
				CLANG_WARN_OBJC_ROOT_CLASS = YES_ERROR;
				CLANG_WARN_RANGE_LOOP_ANALYSIS = YES;
				CLANG_WARN_STRICT_PROTOTYPES = YES;
				CLANG_WARN_SUSPICIOUS_MOVE = YES;
				CLANG_WARN_UNGUARDED_AVAILABILITY = YES_AGGRESSIVE;
				CLANG_WARN_UNREACHABLE_CODE = YES;
				CLANG_WARN__DUPLICATE_METHOD_MATCH = YES;
				COPY_PHASE_STRIP = NO;
				DEBUG_INFORMATION_FORMAT = "dwarf-with-dsym";
				ENABLE_NS_ASSERTIONS = NO;
				ENABLE_STRICT_OBJC_MSGSEND = YES;
				GCC_C_LANGUAGE_STANDARD = gnu11;
				GCC_NO_COMMON_BLOCKS = YES;
				GCC_WARN_64_TO_32_BIT_CONVERSION = YES;
				GCC_WARN_ABOUT_RETURN_TYPE = YES_ERROR;
				GCC_WARN_UNDECLARED_SELECTOR = YES;
				GCC_WARN_UNINITIALIZED_AUTOS = YES_AGGRESSIVE;
				GCC_WARN_UNUSED_FUNCTION = YES;
				GCC_WARN_UNUSED_VARIABLE = YES;
				IPHONEOS_DEPLOYMENT_TARGET = 13.0;
				MTL_ENABLE_DEBUG_INFO = NO;
				MTL_FAST_MATH = YES;
				SDKROOT = iphoneos;
				SWIFT_COMPILATION_MODE = wholemodule;
				SWIFT_OPTIMIZATION_LEVEL = "-O";
				VALIDATE_PRODUCT = YES;
			};
			name = Release;
		};
		D9EFBDB023452405004625B2 /* Debug */ = {
			isa = XCBuildConfiguration;
			baseConfigurationReference = E2F24E7E30FEB16DD7A8DB75 /* Pods-CursoIOSAdvaced.debug.xcconfig */;
			buildSettings = {
				ASSETCATALOG_COMPILER_APPICON_NAME = AppIcon;
				CODE_SIGN_STYLE = Automatic;
				INFOPLIST_FILE = CursoIOSAdvaced/Info.plist;
				LD_RUNPATH_SEARCH_PATHS = (
					"$(inherited)",
					"@executable_path/Frameworks",
				);
				PRODUCT_BUNDLE_IDENTIFIER = com.on.CursoIOSAdvaced;
				PRODUCT_NAME = "$(TARGET_NAME)";
				SWIFT_VERSION = 5.0;
				TARGETED_DEVICE_FAMILY = "1,2";
			};
			name = Debug;
		};
		D9EFBDB123452405004625B2 /* Release */ = {
			isa = XCBuildConfiguration;
			baseConfigurationReference = D7A03EE67B477C6A3153C44D /* Pods-CursoIOSAdvaced.release.xcconfig */;
			buildSettings = {
				ASSETCATALOG_COMPILER_APPICON_NAME = AppIcon;
				CODE_SIGN_STYLE = Automatic;
				INFOPLIST_FILE = CursoIOSAdvaced/Info.plist;
				LD_RUNPATH_SEARCH_PATHS = (
					"$(inherited)",
					"@executable_path/Frameworks",
				);
				PRODUCT_BUNDLE_IDENTIFIER = com.on.CursoIOSAdvaced;
				PRODUCT_NAME = "$(TARGET_NAME)";
				SWIFT_VERSION = 5.0;
				TARGETED_DEVICE_FAMILY = "1,2";
			};
			name = Release;
		};
/* End XCBuildConfiguration section */

/* Begin XCConfigurationList section */
		D9EFBD96234523F5004625B2 /* Build configuration list for PBXProject "CursoIOSAdvaced" */ = {
			isa = XCConfigurationList;
			buildConfigurations = (
				D9EFBDAD23452405004625B2 /* Debug */,
				D9EFBDAE23452405004625B2 /* Release */,
			);
			defaultConfigurationIsVisible = 0;
			defaultConfigurationName = Release;
		};
		D9EFBDAF23452405004625B2 /* Build configuration list for PBXNativeTarget "CursoIOSAdvaced" */ = {
			isa = XCConfigurationList;
			buildConfigurations = (
				D9EFBDB023452405004625B2 /* Debug */,
				D9EFBDB123452405004625B2 /* Release */,
			);
			defaultConfigurationIsVisible = 0;
			defaultConfigurationName = Release;
		};
/* End XCConfigurationList section */
	};
	rootObject = D9EFBD93234523F5004625B2 /* Project object */;
}
